{
  "name": "encore-ts-starter",
  "version": "0.0.1",
  "lockfileVersion": 3,
  "requires": true,
  "packages": {
    "": {
      "name": "encore-ts-starter",
      "version": "0.0.1",
      "license": "MPL-2.0",
      "dependencies": {
        "@prisma/client": "^6.2.1",
        "encore.dev": "^1.46.0"
      },
      "devDependencies": {
        "@types/node": "^20.5.7",
        "prisma": "^6.2.1",
        "typescript": "^5.2.2"
      }
    },
    "node_modules/@prisma/client": {
      "version": "6.2.1",
      "resolved": "https://registry.npmjs.org/@prisma/client/-/client-6.2.1.tgz",
      "integrity": "sha512-msKY2iRLISN8t5X0Tj7hU0UWet1u0KuxSPHWuf3IRkB4J95mCvGpyQBfQ6ufcmvKNOMQSq90O2iUmJEN2e5fiA==",
      "hasInstallScript": true,
      "license": "Apache-2.0",
      "engines": {
        "node": ">=18.18"
      },
      "peerDependencies": {
        "prisma": "*"
      },
      "peerDependenciesMeta": {
        "prisma": {
          "optional": true
        }
      }
    },
    "node_modules/@prisma/debug": {
      "version": "6.2.1",
      "resolved": "https://registry.npmjs.org/@prisma/debug/-/debug-6.2.1.tgz",
      "integrity": "sha512-0KItvt39CmQxWkEw6oW+RQMD6RZ43SJWgEUnzxN8VC9ixMysa7MzZCZf22LCK5DSooiLNf8vM3LHZm/I/Ni7bQ==",
      "devOptional": true,
      "license": "Apache-2.0"
    },
    "node_modules/@prisma/engines": {
      "version": "6.2.1",
      "resolved": "https://registry.npmjs.org/@prisma/engines/-/engines-6.2.1.tgz",
      "integrity": "sha512-lTBNLJBCxVT9iP5I7Mn6GlwqAxTpS5qMERrhebkUhtXpGVkBNd/jHnNJBZQW4kGDCKaQg/r2vlJYkzOHnAb7ZQ==",
      "devOptional": true,
      "hasInstallScript": true,
      "license": "Apache-2.0",
      "dependencies": {
        "@prisma/debug": "6.2.1",
        "@prisma/engines-version": "6.2.0-14.4123509d24aa4dede1e864b46351bf2790323b69",
        "@prisma/fetch-engine": "6.2.1",
        "@prisma/get-platform": "6.2.1"
      }
    },
    "node_modules/@prisma/engines-version": {
      "version": "6.2.0-14.4123509d24aa4dede1e864b46351bf2790323b69",
      "resolved": "https://registry.npmjs.org/@prisma/engines-version/-/engines-version-6.2.0-14.4123509d24aa4dede1e864b46351bf2790323b69.tgz",
      "integrity": "sha512-7tw1qs/9GWSX6qbZs4He09TOTg1ff3gYsB3ubaVNN0Pp1zLm9NC5C5MZShtkz7TyQjx7blhpknB7HwEhlG+PrQ==",
      "devOptional": true,
      "license": "Apache-2.0"
    },
    "node_modules/@prisma/fetch-engine": {
      "version": "6.2.1",
      "resolved": "https://registry.npmjs.org/@prisma/fetch-engine/-/fetch-engine-6.2.1.tgz",
      "integrity": "sha512-OO7O9d6Mrx2F9i+Gu1LW+DGXXyUFkP7OE5aj9iBfA/2jjDXEJjqa9X0ZmM9NZNo8Uo7ql6zKm6yjDcbAcRrw1A==",
      "devOptional": true,
      "license": "Apache-2.0",
      "dependencies": {
        "@prisma/debug": "6.2.1",
        "@prisma/engines-version": "6.2.0-14.4123509d24aa4dede1e864b46351bf2790323b69",
        "@prisma/get-platform": "6.2.1"
      }
    },
    "node_modules/@prisma/get-platform": {
      "version": "6.2.1",
      "resolved": "https://registry.npmjs.org/@prisma/get-platform/-/get-platform-6.2.1.tgz",
      "integrity": "sha512-zp53yvroPl5m5/gXYLz7tGCNG33bhG+JYCm74ohxOq1pPnrL47VQYFfF3RbTZ7TzGWCrR3EtoiYMywUBw7UK6Q==",
      "devOptional": true,
      "license": "Apache-2.0",
      "dependencies": {
        "@prisma/debug": "6.2.1"
      }
    },
    "node_modules/@types/node": {
      "version": "20.12.7",
      "resolved": "https://registry.npmjs.org/@types/node/-/node-20.12.7.tgz",
      "integrity": "sha512-wq0cICSkRLVaf3UGLMGItu/PtdY7oaXaI/RVU+xliKVOtRna3PRY57ZDfztpDL0n11vfymMUnXv8QwYCO7L1wg==",
      "dev": true,
      "dependencies": {
        "undici-types": "~5.26.4"
      }
    },
    "node_modules/encore.dev": {
      "version": "1.46.0",
      "resolved": "https://registry.npmjs.org/encore.dev/-/encore.dev-1.46.0.tgz",
      "integrity": "sha512-gsClTkeIWvd921CwVXP4VmNT2vj+qcfr1L2heone3NfuEv9CeJnxtFzhahLUjmCO5MuO1b8RNCWlxZ0dbIpqVA==",
      "license": "MPL-2.0",
      "engines": {
        "node": ">=18.0.0"
      }
    },
    "node_modules/fsevents": {
      "version": "2.3.3",
      "resolved": "https://registry.npmjs.org/fsevents/-/fsevents-2.3.3.tgz",
      "integrity": "sha512-5xoDfX+fL7faATnagmWPpbFtwh/R77WmMMqqHGS65C3vvB0YHrgF+B1YmZ3441tMj5n63k0212XNoJwzlhffQw==",
      "dev": true,
      "hasInstallScript": true,
      "license": "MIT",
      "optional": true,
      "os": [
        "darwin"
      ],
      "engines": {
        "node": "^8.16.0 || ^10.6.0 || >=11.0.0"
      }
    },
    "node_modules/prisma": {
      "version": "6.2.1",
      "resolved": "https://registry.npmjs.org/prisma/-/prisma-6.2.1.tgz",
      "integrity": "sha512-hhyM0H13pQleQ+br4CkzGizS5I0oInoeTw3JfLw1BRZduBSQxPILlJLwi+46wZzj9Je7ndyQEMGw/n5cN2fknA==",
      "devOptional": true,
      "hasInstallScript": true,
      "license": "Apache-2.0",
      "dependencies": {
        "@prisma/engines": "6.2.1"
      },
      "bin": {
        "prisma": "build/index.js"
      },
      "engines": {
        "node": ">=18.18"
      },
      "optionalDependencies": {
        "fsevents": "2.3.3"
      }
    },
    "node_modules/typescript": {
      "version": "5.4.5",
      "resolved": "https://registry.npmjs.org/typescript/-/typescript-5.4.5.tgz",
      "integrity": "sha512-vcI4UpRgg81oIRUFwR0WSIHKt11nJ7SAVlYNIu+QpqeyXP+gpQJy/Z4+F0aGxSE4MqwjyXvW/TzgkLAx2AGHwQ==",
      "dev": true,
      "bin": {
        "tsc": "bin/tsc",
        "tsserver": "bin/tsserver"
      },
      "engines": {
        "node": ">=14.17"
      }
    },
    "node_modules/undici-types": {
      "version": "5.26.5",
      "resolved": "https://registry.npmjs.org/undici-types/-/undici-types-5.26.5.tgz",
      "integrity": "sha512-JlCMO+ehdEIKqlFxk6IfVoAUVmgz7cU7zD/h9XZ0qzeosSHmUJVOzSQvvYSYWXkFXC+IfLKSIffhv0sVZup6pA==",
      "dev": true
    }
  }
}
